// !$*UTF8*$!
{
	archiveVersion = 1;
	classes = {
	};
	objectVersion = 50;
	objects = {

/* Begin PBXBuildFile section */
		FF2A86E82171D4F80009B67E /* AppDelegate.swift in Sources */ = {isa = PBXBuildFile; fileRef = FF2A86E72171D4F80009B67E /* AppDelegate.swift */; };
		FF2A86EA2171D4F80009B67E /* ViewController.swift in Sources */ = {isa = PBXBuildFile; fileRef = FF2A86E92171D4F80009B67E /* ViewController.swift */; };
		FF2A86ED2171D4F80009B67E /* Main.storyboard in Resources */ = {isa = PBXBuildFile; fileRef = FF2A86EB2171D4F80009B67E /* Main.storyboard */; };
		FF2A86EF2171D4F90009B67E /* Assets.xcassets in Resources */ = {isa = PBXBuildFile; fileRef = FF2A86EE2171D4F90009B67E /* Assets.xcassets */; };
		FF2A86F22171D4F90009B67E /* LaunchScreen.storyboard in Resources */ = {isa = PBXBuildFile; fileRef = FF2A86F02171D4F90009B67E /* LaunchScreen.storyboard */; };
		FF2A86FA2171D6210009B67E /* TOPTableViewController.swift in Sources */ = {isa = PBXBuildFile; fileRef = FF2A86F92171D6210009B67E /* TOPTableViewController.swift */; };
		FF2A87012171DB610009B67E /* zekkei.jpg in Resources */ = {isa = PBXBuildFile; fileRef = FF2A86FB2171DB600009B67E /* zekkei.jpg */; };
		FF2A87022171DB610009B67E /* backtoPage.png in Resources */ = {isa = PBXBuildFile; fileRef = FF2A86FC2171DB600009B67E /* backtoPage.png */; };
		FF2A87032171DB610009B67E /* japan.png in Resources */ = {isa = PBXBuildFile; fileRef = FF2A86FD2171DB600009B67E /* japan.png */; };
		FF2A87042171DB610009B67E /* modoru.png in Resources */ = {isa = PBXBuildFile; fileRef = FF2A86FE2171DB610009B67E /* modoru.png */; };
		FF2A87052171DB610009B67E /* buttonIcon.png in Resources */ = {isa = PBXBuildFile; fileRef = FF2A86FF2171DB610009B67E /* buttonIcon.png */; };
		FF2A87062171DB610009B67E /* susumu.png in Resources */ = {isa = PBXBuildFile; fileRef = FF2A87002171DB610009B67E /* susumu.png */; };
		FF2A87082171DC120009B67E /* SecondViewController.swift in Sources */ = {isa = PBXBuildFile; fileRef = FF2A87072171DC120009B67E /* SecondViewController.swift */; };
		FFA56F29217318AF00BBC1AF /* WebViewController.swift in Sources */ = {isa = PBXBuildFile; fileRef = FFA56F28217318AF00BBC1AF /* WebViewController.swift */; };
/* End PBXBuildFile section */

/* Begin PBXFileReference section */
		FF2A86E42171D4F80009B67E /* Swift4TableView.app */ = {isa = PBXFileReference; explicitFileType = wrapper.application; includeInIndex = 0; path = Swift4TableView.app; sourceTree = BUILT_PRODUCTS_DIR; };
		FF2A86E72171D4F80009B67E /* AppDelegate.swift */ = {isa = PBXFileReference; lastKnownFileType = sourcecode.swift; path = AppDelegate.swift; sourceTree = "<group>"; };
		FF2A86E92171D4F80009B67E /* ViewController.swift */ = {isa = PBXFileReference; lastKnownFileType = sourcecode.swift; path = ViewController.swift; sourceTree = "<group>"; };
		FF2A86EC2171D4F80009B67E /* Base */ = {isa = PBXFileReference; lastKnownFileType = file.storyboard; name = Base; path = Base.lproj/Main.storyboard; sourceTree = "<group>"; };
		FF2A86EE2171D4F90009B67E /* Assets.xcassets */ = {isa = PBXFileReference; lastKnownFileType = folder.assetcatalog; path = Assets.xcassets; sourceTree = "<group>"; };
		FF2A86F12171D4F90009B67E /* Base */ = {isa = PBXFileReference; lastKnownFileType = file.storyboard; name = Base; path = Base.lproj/LaunchScreen.storyboard; sourceTree = "<group>"; };
		FF2A86F32171D4F90009B67E /* Info.plist */ = {isa = PBXFileReference; lastKnownFileType = text.plist.xml; path = Info.plist; sourceTree = "<group>"; };
		FF2A86F92171D6210009B67E /* TOPTableViewController.swift */ = {isa = PBXFileReference; lastKnownFileType = sourcecode.swift; path = TOPTableViewController.swift; sourceTree = "<group>"; };
		FF2A86FB2171DB600009B67E /* zekkei.jpg */ = {isa = PBXFileReference; lastKnownFileType = image.jpeg; path = zekkei.jpg; sourceTree = "<group>"; };
		FF2A86FC2171DB600009B67E /* backtoPage.png */ = {isa = PBXFileReference; lastKnownFileType = image.png; path = backtoPage.png; sourceTree = "<group>"; };
		FF2A86FD2171DB600009B67E /* japan.png */ = {isa = PBXFileReference; lastKnownFileType = image.png; path = japan.png; sourceTree = "<group>"; };
		FF2A86FE2171DB610009B67E /* modoru.png */ = {isa = PBXFileReference; lastKnownFileType = image.png; path = modoru.png; sourceTree = "<group>"; };
		FF2A86FF2171DB610009B67E /* buttonIcon.png */ = {isa = PBXFileReference; lastKnownFileType = image.png; path = buttonIcon.png; sourceTree = "<group>"; };
		FF2A87002171DB610009B67E /* susumu.png */ = {isa = PBXFileReference; lastKnownFileType = image.png; path = susumu.png; sourceTree = "<group>"; };
		FF2A87072171DC120009B67E /* SecondViewController.swift */ = {isa = PBXFileReference; lastKnownFileType = sourcecode.swift; path = SecondViewController.swift; sourceTree = "<group>"; };
		FFA56F28217318AF00BBC1AF /* WebViewController.swift */ = {isa = PBXFileReference; lastKnownFileType = sourcecode.swift; path = WebViewController.swift; sourceTree = "<group>"; };
/* End PBXFileReference section */

/* Begin PBXFrameworksBuildPhase section */
		FF2A86E12171D4F80009B67E /* Frameworks */ = {
			isa = PBXFrameworksBuildPhase;
			buildActionMask = 2147483647;
			files = (
			);
			runOnlyForDeploymentPostprocessing = 0;
		};
/* End PBXFrameworksBuildPhase section */

/* Begin PBXGroup section */
		FF2A86DB2171D4F80009B67E = {
			isa = PBXGroup;
			children = (
				FF2A86E62171D4F80009B67E /* Swift4TableView */,
				FF2A86E52171D4F80009B67E /* Products */,
			);
			sourceTree = "<group>";
		};
		FF2A86E52171D4F80009B67E /* Products */ = {
			isa = PBXGroup;
			children = (
				FF2A86E42171D4F80009B67E /* Swift4TableView.app */,
			);
			name = Products;
			sourceTree = "<group>";
		};
		FF2A86E62171D4F80009B67E /* Swift4TableView */ = {
			isa = PBXGroup;
			children = (
				FF2A86FC2171DB600009B67E /* backtoPage.png */,
				FF2A86FF2171DB610009B67E /* buttonIcon.png */,
				FF2A86FD2171DB600009B67E /* japan.png */,
				FF2A86FE2171DB610009B67E /* modoru.png */,
				FF2A87002171DB610009B67E /* susumu.png */,
				FF2A86FB2171DB600009B67E /* zekkei.jpg */,
				FF2A86E72171D4F80009B67E /* AppDelegate.swift */,
				FF2A86E92171D4F80009B67E /* ViewController.swift */,
				FF2A86F92171D6210009B67E /* TOPTableViewController.swift */,
				FF2A87072171DC120009B67E /* SecondViewController.swift */,
				FFA56F28217318AF00BBC1AF /* WebViewController.swift */,
				FF2A86EB2171D4F80009B67E /* Main.storyboard */,
				FF2A86EE2171D4F90009B67E /* Assets.xcassets */,
				FF2A86F02171D4F90009B67E /* LaunchScreen.storyboard */,
				FF2A86F32171D4F90009B67E /* Info.plist */,
			);
			path = Swift4TableView;
			sourceTree = "<group>";
		};
/* End PBXGroup section */

/* Begin PBXNativeTarget section */
		FF2A86E32171D4F80009B67E /* Swift4TableView */ = {
			isa = PBXNativeTarget;
			buildConfigurationList = FF2A86F62171D4F90009B67E /* Build configuration list for PBXNativeTarget "Swift4TableView" */;
			buildPhases = (
				FF2A86E02171D4F80009B67E /* Sources */,
				FF2A86E12171D4F80009B67E /* Frameworks */,
				FF2A86E22171D4F80009B67E /* Resources */,
			);
			buildRules = (
			);
			dependencies = (
			);
			name = Swift4TableView;
			productName = Swift4TableView;
			productReference = FF2A86E42171D4F80009B67E /* Swift4TableView.app */;
			productType = "com.apple.product-type.application";
		};
/* End PBXNativeTarget section */

/* Begin PBXProject section */
		FF2A86DC2171D4F80009B67E /* Project object */ = {
			isa = PBXProject;
			attributes = {
				LastSwiftUpdateCheck = 0940;
				LastUpgradeCheck = 0940;
				ORGANIZATIONNAME = taiki;
				TargetAttributes = {
					FF2A86E32171D4F80009B67E = {
						CreatedOnToolsVersion = 9.4.1;
					};
				};
			};
			buildConfigurationList = FF2A86DF2171D4F80009B67E /* Build configuration list for PBXProject "Swift4TableView" */;
			compatibilityVersion = "Xcode 9.3";
			developmentRegion = en;
			hasScannedForEncodings = 0;
			knownRegions = (
				en,
				Base,
			);
			mainGroup = FF2A86DB2171D4F80009B67E;
			productRefGroup = FF2A86E52171D4F80009B67E /* Products */;
			projectDirPath = "";
			projectRoot = "";
			targets = (
				FF2A86E32171D4F80009B67E /* Swift4TableView */,
			);
		};
/* End PBXProject section */

/* Begin PBXResourcesBuildPhase section */
		FF2A86E22171D4F80009B67E /* Resources */ = {
			isa = PBXResourcesBuildPhase;
			buildActionMask = 2147483647;
			files = (
				FF2A87042171DB610009B67E /* modoru.png in Resources */,
				FF2A87032171DB610009B67E /* japan.png in Resources */,
				FF2A87012171DB610009B67E /* zekkei.jpg in Resources */,
				FF2A86F22171D4F90009B67E /* LaunchScreen.storyboard in Resources */,
				FF2A87022171DB610009B67E /* backtoPage.png in Resources */,
				FF2A87062171DB610009B67E /* susumu.png in Resources */,
				FF2A86EF2171D4F90009B67E /* Assets.xcassets in Resources */,
				FF2A87052171DB610009B67E /* buttonIcon.png in Resources */,
				FF2A86ED2171D4F80009B67E /* Main.storyboard in Resources */,
			);
			runOnlyForDeploymentPostprocessing = 0;
		};
/* End PBXResourcesBuildPhase section */

/* Begin PBXSourcesBuildPhase section */
		FF2A86E02171D4F80009B67E /* Sources */ = {
			isa = PBXSourcesBuildPhase;
			buildActionMask = 2147483647;
			files = (
				FF2A87082171DC120009B67E /* SecondViewController.swift in Sources */,
				FF2A86EA2171D4F80009B67E /* ViewController.swift in Sources */,
				FF2A86FA2171D6210009B67E /* TOPTableViewController.swift in Sources */,
				FFA56F29217318AF00BBC1AF /* WebViewController.swift in Sources */,
				FF2A86E82171D4F80009B67E /* AppDelegate.swift in Sources */,
			);
			runOnlyForDeploymentPostprocessing = 0;
		};
/* End PBXSourcesBuildPhase section */

/* Begin PBXVariantGroup section */
		FF2A86EB2171D4F80009B67E /* Main.storyboard */ = {
			isa = PBXVariantGroup;
			children = (
				FF2A86EC2171D4F80009B67E /* Base */,
			);
			name = Main.storyboard;
			sourceTree = "<group>";
		};
		FF2A86F02171D4F90009B67E /* LaunchScreen.storyboard */ = {
			isa = PBXVariantGroup;
			children = (
				FF2A86F12171D4F90009B67E /* Base */,
			);
			name = LaunchScreen.storyboard;
			sourceTree = "<group>";
		};
/* End PBXVariantGroup section */

/* Begin XCBuildConfiguration section */
		FF2A86F42171D4F90009B67E /* Debug */ = {
			isa = XCBuildConfiguration;
			buildSettings = {
				ALWAYS_SEARCH_USER_PATHS = NO;
				CLANG_ANALYZER_NONNULL = YES;
				CLANG_ANALYZER_NUMBER_OBJECT_CONVERSION = YES_AGGRESSIVE;
				CLANG_CXX_LANGUAGE_STANDARD = "gnu++14";
				CLANG_CXX_LIBRARY = "libc++";
				CLANG_ENABLE_MODULES = YES;
				CLANG_ENABLE_OBJC_ARC = YES;
				CLANG_ENABLE_OBJC_WEAK = YES;
				CLANG_WARN_BLOCK_CAPTURE_AUTORELEASING = YES;
				CLANG_WARN_BOOL_CONVERSION = YES;
				CLANG_WARN_COMMA = YES;
				CLANG_WARN_CONSTANT_CONVERSION = YES;
				CLANG_WARN_DEPRECATED_OBJC_IMPLEMENTATIONS = YES;
				CLANG_WARN_DIRECT_OBJC_ISA_USAGE = YES_ERROR;
				CLANG_WARN_DOCUMENTATION_COMMENTS = YES;
				CLANG_WARN_EMPTY_BODY = YES;
				CLANG_WARN_ENUM_CONVERSION = YES;
				CLANG_WARN_INFINITE_RECURSION = YES;
				CLANG_WARN_INT_CONVERSION = YES;
				CLANG_WARN_NON_LITERAL_NULL_CONVERSION = YES;
				CLANG_WARN_OBJC_IMPLICIT_RETAIN_SELF = YES;
				CLANG_WARN_OBJC_LITERAL_CONVERSION = YES;
				CLANG_WARN_OBJC_ROOT_CLASS = YES_ERROR;
				CLANG_WARN_RANGE_LOOP_ANALYSIS = YES;
				CLANG_WARN_STRICT_PROTOTYPES = YES;
				CLANG_WARN_SUSPICIOUS_MOVE = YES;
				CLANG_WARN_UNGUARDED_AVAILABILITY = YES_AGGRESSIVE;
				CLANG_WARN_UNREACHABLE_CODE = YES;
				CLANG_WARN__DUPLICATE_METHOD_MATCH = YES;
				CODE_SIGN_IDENTITY = "iPhone Developer";
				COPY_PHASE_STRIP = NO;
				DEBUG_INFORMATION_FORMAT = dwarf;
				ENABLE_STRICT_OBJC_MSGSEND = YES;
				ENABLE_TESTABILITY = YES;
				GCC_C_LANGUAGE_STANDARD = gnu11;
				GCC_DYNAMIC_NO_PIC = NO;
				GCC_NO_COMMON_BLOCKS = YES;
				GCC_OPTIMIZATION_LEVEL = 0;
				GCC_PREPROCESSOR_DEFINITIONS = (
					"DEBUG=1",
					"$(inherited)",
				);
				GCC_WARN_64_TO_32_BIT_CONVERSION = YES;
				GCC_WARN_ABOUT_RETURN_TYPE = YES_ERROR;
				GCC_WARN_UNDECLARED_SELECTOR = YES;
				GCC_WARN_UNINITIALIZED_AUTOS = YES_AGGRESSIVE;
				GCC_WARN_UNUSED_FUNCTION = YES;
				GCC_WARN_UNUSED_VARIABLE = YES;
				IPHONEOS_DEPLOYMENT_TARGET = 11.4;
				MTL_ENABLE_DEBUG_INFO = YES;
				ONLY_ACTIVE_ARCH = YES;
				SDKROOT = iphoneos;
				SWIFT_ACTIVE_COMPILATION_CONDITIONS = DEBUG;
				SWIFT_OPTIMIZATION_LEVEL = "-Onone";
			};
			name = Debug;
		};
		FF2A86F52171D4F90009B67E /* Release */ = {
			isa = XCBuildConfiguration;
			buildSettings = {
				ALWAYS_SEARCH_USER_PATHS = NO;
				CLANG_ANALYZER_NONNULL = YES;
				CLANG_ANALYZER_NUMBER_OBJECT_CONVERSION = YES_AGGRESSIVE;
				CLANG_CXX_LANGUAGE_STANDARD = "gnu++14";
				CLANG_CXX_LIBRARY = "libc++";
				CLANG_ENABLE_MODULES = YES;
				CLANG_ENABLE_OBJC_ARC = YES;
				CLANG_ENABLE_OBJC_WEAK = YES;
				CLANG_WARN_BLOCK_CAPTURE_AUTORELEASING = YES;
				CLANG_WARN_BOOL_CONVERSION = YES;
				CLANG_WARN_COMMA = YES;
				CLANG_WARN_CONSTANT_CONVERSION = YES;
				CLANG_WARN_DEPRECATED_OBJC_IMPLEMENTATIONS = YES;
				CLANG_WARN_DIRECT_OBJC_ISA_USAGE = YES_ERROR;
				CLANG_WARN_DOCUMENTATION_COMMENTS = YES;
				CLANG_WARN_EMPTY_BODY = YES;
				CLANG_WARN_ENUM_CONVERSION = YES;
				CLANG_WARN_INFINITE_RECURSION = YES;
				CLANG_WARN_INT_CONVERSION = YES;
				CLANG_WARN_NON_LITERAL_NULL_CONVERSION = YES;
				CLANG_WARN_OBJC_IMPLICIT_RETAIN_SELF = YES;
				CLANG_WARN_OBJC_LITERAL_CONVERSION = YES;
				CLANG_WARN_OBJC_ROOT_CLASS = YES_ERROR;
				CLANG_WARN_RANGE_LOOP_ANALYSIS = YES;
				CLANG_WARN_STRICT_PROTOTYPES = YES;
				CLANG_WARN_SUSPICIOUS_MOVE = YES;
				CLANG_WARN_UNGUARDED_AVAILABILITY = YES_AGGRESSIVE;
				CLANG_WARN_UNREACHABLE_CODE = YES;
				CLANG_WARN__DUPLICATE_METHOD_MATCH = YES;
				CODE_SIGN_IDENTITY = "iPhone Developer";
				COPY_PHASE_STRIP = NO;
				DEBUG_INFORMATION_FORMAT = "dwarf-with-dsym";
				ENABLE_NS_ASSERTIONS = NO;
				ENABLE_STRICT_OBJC_MSGSEND = YES;
				GCC_C_LANGUAGE_STANDARD = gnu11;
				GCC_NO_COMMON_BLOCKS = YES;
				GCC_WARN_64_TO_32_BIT_CONVERSION = YES;
				GCC_WARN_ABOUT_RETURN_TYPE = YES_ERROR;
				GCC_WARN_UNDECLARED_SELECTOR = YES;
				GCC_WARN_UNINITIALIZED_AUTOS = YES_AGGRESSIVE;
				GCC_WARN_UNUSED_FUNCTION = YES;
				GCC_WARN_UNUSED_VARIABLE = YES;
				IPHONEOS_DEPLOYMENT_TARGET = 11.4;
				MTL_ENABLE_DEBUG_INFO = NO;
				SDKROOT = iphoneos;
				SWIFT_COMPILATION_MODE = wholemodule;
				SWIFT_OPTIMIZATION_LEVEL = "-O";
				VALIDATE_PRODUCT = YES;
			};
			name = Release;
		};
		FF2A86F72171D4F90009B67E /* Debug */ = {
			isa = XCBuildConfiguration;
			buildSettings = {
				ASSETCATALOG_COMPILER_APPICON_NAME = AppIcon;
				CODE_SIGN_STYLE = Automatic;
				INFOPLIST_FILE = Swift4TableView/Info.plist;
				LD_RUNPATH_SEARCH_PATHS = (
					"$(inherited)",
					"@executable_path/Frameworks",
				);
				PRODUCT_BUNDLE_IDENTIFIER = com.taiki.Swift4TableView;
				PRODUCT_NAME = "$(TARGET_NAME)";
				SWIFT_VERSION = 4.0;
				TARGETED_DEVICE_FAMILY = "1,2";
			};
			name = Debug;
		};
		FF2A86F82171D4F90009B67E /* Release */ = {
			isa = XCBuildConfiguration;
			buildSettings = {
				ASSETCATALOG_COMPILER_APPICON_NAME = AppIcon;
				CODE_SIGN_STYLE = Automatic;
				INFOPLIST_FILE = Swift4TableView/Info.plist;
				LD_RUNPATH_SEARCH_PATHS = (
					"$(inherited)",
					"@executable_path/Frameworks",
				);
				PRODUCT_BUNDLE_IDENTIFIER = com.taiki.Swift4TableView;
				PRODUCT_NAME = "$(TARGET_NAME)";
				SWIFT_VERSION = 4.0;
				TARGETED_DEVICE_FAMILY = "1,2";
			};
			name = Release;
		};
/* End XCBuildConfiguration section */

/* Begin XCConfigurationList section */
		FF2A86DF2171D4F80009B67E /* Build configuration list for PBXProject "Swift4TableView" */ = {
			isa = XCConfigurationList;
			buildConfigurations = (
				FF2A86F42171D4F90009B67E /* Debug */,
				FF2A86F52171D4F90009B67E /* Release */,
			);
			defaultConfigurationIsVisible = 0;
			defaultConfigurationName = Release;
		};
		FF2A86F62171D4F90009B67E /* Build configuration list for PBXNativeTarget "Swift4TableView" */ = {
			isa = XCConfigurationList;
			buildConfigurations = (
				FF2A86F72171D4F90009B67E /* Debug */,
				FF2A86F82171D4F90009B67E /* Release */,
			);
			defaultConfigurationIsVisible = 0;
			defaultConfigurationName = Release;
		};
/* End XCConfigurationList section */
	};
	rootObject = FF2A86DC2171D4F80009B67E /* Project object */;
}
